
Microsoft Visual Studio Solution File, Format Version 12.00
# Visual Studio Version 16
VisualStudioVersion = 16.0.30204.135
MinimumVisualStudioVersion = 10.0.40219.1
Project("{9A19103F-16F7-4668-BE54-9A1E7A4F7556}") = "Quack.FluentBusinessRules", "Quack.FluentBusinessRules\Quack.FluentBusinessRules.csproj", "{2D5804D7-C516-4902-BE3A-32D91E012B48}"
EndProject
Project("{9A19103F-16F7-4668-BE54-9A1E7A4F7556}") = "Quack.FBR.Tests", "Quack.FBR.Tests\Quack.FBR.Tests.csproj", "{BEF89D9A-6AE0-4422-A0A6-92AB86A951EB}"
EndProject
Project("{9A19103F-16F7-4668-BE54-9A1E7A4F7556}") = "Quack.FBR.ConsoleApplication", "Quack.FBR.ConsoleApplication\Quack.FBR.ConsoleApplication.csproj", "{22E98D08-72AE-43AE-A264-8E71677011FC}"
EndProject
Project("{FAE04EC0-301F-11D3-BF4B-00C04F79EFBC}") = "Quack.FBR.Contracts", "Quack.FBR.Contracts\Quack.FBR.Contracts.csproj", "{EE1A724A-02BE-43A8-B0F1-1273B4A075A8}"
EndProject
Project("{FAE04EC0-301F-11D3-BF4B-00C04F79EFBC}") = "Quack.FBR.Web", "Quack.FBR.Web\Quack.FBR.Web.csproj", "{5B5E33AB-578A-4142-B814-BDC43439470F}"
EndProject
Global
	GlobalSection(SolutionConfigurationPlatforms) = preSolution
		Debug|Any CPU = Debug|Any CPU
		Release|Any CPU = Release|Any CPU
	EndGlobalSection
	GlobalSection(ProjectConfigurationPlatforms) = postSolution
		{2D5804D7-C516-4902-BE3A-32D91E012B48}.Debug|Any CPU.ActiveCfg = Debug|Any CPU
		{2D5804D7-C516-4902-BE3A-32D91E012B48}.Debug|Any CPU.Build.0 = Debug|Any CPU
		{2D5804D7-C516-4902-BE3A-32D91E012B48}.Release|Any CPU.ActiveCfg = Release|Any CPU
		{2D5804D7-C516-4902-BE3A-32D91E012B48}.Release|Any CPU.Build.0 = Release|Any CPU
		{BEF89D9A-6AE0-4422-A0A6-92AB86A951EB}.Debug|Any CPU.ActiveCfg = Debug|Any CPU
		{BEF89D9A-6AE0-4422-A0A6-92AB86A951EB}.Debug|Any CPU.Build.0 = Debug|Any CPU
		{BEF89D9A-6AE0-4422-A0A6-92AB86A951EB}.Release|Any CPU.ActiveCfg = Release|Any CPU
		{BEF89D9A-6AE0-4422-A0A6-92AB86A951EB}.Release|Any CPU.Build.0 = Release|Any CPU
		{22E98D08-72AE-43AE-A264-8E71677011FC}.Debug|Any CPU.ActiveCfg = Debug|Any CPU
		{22E98D08-72AE-43AE-A264-8E71677011FC}.Debug|Any CPU.Build.0 = Debug|Any CPU
		{22E98D08-72AE-43AE-A264-8E71677011FC}.Release|Any CPU.ActiveCfg = Release|Any CPU
		{22E98D08-72AE-43AE-A264-8E71677011FC}.Release|Any CPU.Build.0 = Release|Any CPU
		{EE1A724A-02BE-43A8-B0F1-1273B4A075A8}.Debug|Any CPU.ActiveCfg = Debug|Any CPU
		{EE1A724A-02BE-43A8-B0F1-1273B4A075A8}.Debug|Any CPU.Build.0 = Debug|Any CPU
		{EE1A724A-02BE-43A8-B0F1-1273B4A075A8}.Release|Any CPU.ActiveCfg = Release|Any CPU
		{EE1A724A-02BE-43A8-B0F1-1273B4A075A8}.Release|Any CPU.Build.0 = Release|Any CPU
		{5B5E33AB-578A-4142-B814-BDC43439470F}.Debug|Any CPU.ActiveCfg = Debug|Any CPU
		{5B5E33AB-578A-4142-B814-BDC43439470F}.Debug|Any CPU.Build.0 = Debug|Any CPU
		{5B5E33AB-578A-4142-B814-BDC43439470F}.Release|Any CPU.ActiveCfg = Release|Any CPU
		{5B5E33AB-578A-4142-B814-BDC43439470F}.Release|Any CPU.Build.0 = Release|Any CPU
	EndGlobalSection
	GlobalSection(SolutionProperties) = preSolution
		HideSolutionNode = FALSE
	EndGlobalSection
	GlobalSection(ExtensibilityGlobals) = postSolution
		SolutionGuid = {CCD43482-40FA-4419-996E-8A18161AC13A}
	EndGlobalSection
EndGlobal
